// !$*UTF8*$!
{
	archiveVersion = 1;
	classes = {
	};
	objectVersion = 50;
	objects = {

/* Begin PBXBuildFile section */
		1A856CFBE74CB91F5883830B /* libPods-MeherabadRecepies.a in Frameworks */ = {isa = PBXBuildFile; fileRef = 1BC4191440BEC6A25DC01A77 /* libPods-MeherabadRecepies.a */; };
		53C4237E24DD99CB001B80F9 /* DrawerMenuTableViewCell.swift in Sources */ = {isa = PBXBuildFile; fileRef = 53C4237C24DD99CB001B80F9 /* DrawerMenuTableViewCell.swift */; };
		53C4237F24DD99CB001B80F9 /* DrawerMenuTableViewCell.xib in Resources */ = {isa = PBXBuildFile; fileRef = 53C4237D24DD99CB001B80F9 /* DrawerMenuTableViewCell.xib */; };
		53C4238424DE5E64001B80F9 /* AboutViewController.swift in Sources */ = {isa = PBXBuildFile; fileRef = 53C4238324DE5E64001B80F9 /* AboutViewController.swift */; };
		53C4238A24DEF926001B80F9 /* CategoryTableViewCell.swift in Sources */ = {isa = PBXBuildFile; fileRef = 53C4238824DEF926001B80F9 /* CategoryTableViewCell.swift */; };
		53C4238B24DEF926001B80F9 /* CategoryTableViewCell.xib in Resources */ = {isa = PBXBuildFile; fileRef = 53C4238924DEF926001B80F9 /* CategoryTableViewCell.xib */; };
		53C4239024DFAE4B001B80F9 /* images.jpeg in Resources */ = {isa = PBXBuildFile; fileRef = 53C4238F24DFAE4A001B80F9 /* images.jpeg */; };
		53C4BD2424DC2D9E00CCADEE /* menu.json in Resources */ = {isa = PBXBuildFile; fileRef = 53C4BD2324DC2D9E00CCADEE /* menu.json */; };
		53FD146824DBB9EC00EC90AE /* AppDelegate.swift in Sources */ = {isa = PBXBuildFile; fileRef = 53FD146724DBB9EC00EC90AE /* AppDelegate.swift */; };
		53FD146F24DBB9EC00EC90AE /* Main.storyboard in Resources */ = {isa = PBXBuildFile; fileRef = 53FD146D24DBB9EC00EC90AE /* Main.storyboard */; };
		53FD147124DBB9EE00EC90AE /* Assets.xcassets in Resources */ = {isa = PBXBuildFile; fileRef = 53FD147024DBB9EE00EC90AE /* Assets.xcassets */; };
		53FD147424DBB9EE00EC90AE /* LaunchScreen.storyboard in Resources */ = {isa = PBXBuildFile; fileRef = 53FD147224DBB9EE00EC90AE /* LaunchScreen.storyboard */; };
		53FD147C24DBC78E00EC90AE /* RecepiesViewController.swift in Sources */ = {isa = PBXBuildFile; fileRef = 53FD147B24DBC78E00EC90AE /* RecepiesViewController.swift */; };
		53FD147E24DBC7A500EC90AE /* CategoriesViewController.swift in Sources */ = {isa = PBXBuildFile; fileRef = 53FD147D24DBC7A500EC90AE /* CategoriesViewController.swift */; };
		53FD148124DBDEA000EC90AE /* KYEmbedMainControllerSegue.swift in Sources */ = {isa = PBXBuildFile; fileRef = 53FD148024DBDEA000EC90AE /* KYEmbedMainControllerSegue.swift */; };
		53FD148324DBDEA500EC90AE /* KYEmbedDrawerControllerSegue.swift in Sources */ = {isa = PBXBuildFile; fileRef = 53FD148224DBDEA500EC90AE /* KYEmbedDrawerControllerSegue.swift */; };
		53FD148524DBDEA900EC90AE /* KYDrawerController.swift in Sources */ = {isa = PBXBuildFile; fileRef = 53FD148424DBDEA900EC90AE /* KYDrawerController.swift */; };
		53FD148A24DBE00F00EC90AE /* DrawerViewController.swift in Sources */ = {isa = PBXBuildFile; fileRef = 53FD148924DBE00F00EC90AE /* DrawerViewController.swift */; };
/* End PBXBuildFile section */

/* Begin PBXFileReference section */
		0F408CCFE8180E25C5E1C5A4 /* Pods-MeherabadRecepies.debug.xcconfig */ = {isa = PBXFileReference; includeInIndex = 1; lastKnownFileType = text.xcconfig; name = "Pods-MeherabadRecepies.debug.xcconfig"; path = "Target Support Files/Pods-MeherabadRecepies/Pods-MeherabadRecepies.debug.xcconfig"; sourceTree = "<group>"; };
		1BC4191440BEC6A25DC01A77 /* libPods-MeherabadRecepies.a */ = {isa = PBXFileReference; explicitFileType = archive.ar; includeInIndex = 0; path = "libPods-MeherabadRecepies.a"; sourceTree = BUILT_PRODUCTS_DIR; };
		53C4237C24DD99CB001B80F9 /* DrawerMenuTableViewCell.swift */ = {isa = PBXFileReference; lastKnownFileType = sourcecode.swift; path = DrawerMenuTableViewCell.swift; sourceTree = "<group>"; };
		53C4237D24DD99CB001B80F9 /* DrawerMenuTableViewCell.xib */ = {isa = PBXFileReference; lastKnownFileType = file.xib; path = DrawerMenuTableViewCell.xib; sourceTree = "<group>"; };
		53C4238324DE5E64001B80F9 /* AboutViewController.swift */ = {isa = PBXFileReference; lastKnownFileType = sourcecode.swift; path = AboutViewController.swift; sourceTree = "<group>"; };
		53C4238824DEF926001B80F9 /* CategoryTableViewCell.swift */ = {isa = PBXFileReference; lastKnownFileType = sourcecode.swift; path = CategoryTableViewCell.swift; sourceTree = "<group>"; };
		53C4238924DEF926001B80F9 /* CategoryTableViewCell.xib */ = {isa = PBXFileReference; lastKnownFileType = file.xib; path = CategoryTableViewCell.xib; sourceTree = "<group>"; };
		53C4238F24DFAE4A001B80F9 /* images.jpeg */ = {isa = PBXFileReference; lastKnownFileType = image.jpeg; path = images.jpeg; sourceTree = "<group>"; };
		53C4BD2324DC2D9E00CCADEE /* menu.json */ = {isa = PBXFileReference; fileEncoding = 4; lastKnownFileType = text.json; path = menu.json; sourceTree = "<group>"; };
		53FD146424DBB9EC00EC90AE /* MeherabadRecepies.app */ = {isa = PBXFileReference; explicitFileType = wrapper.application; includeInIndex = 0; path = MeherabadRecepies.app; sourceTree = BUILT_PRODUCTS_DIR; };
		53FD146724DBB9EC00EC90AE /* AppDelegate.swift */ = {isa = PBXFileReference; lastKnownFileType = sourcecode.swift; path = AppDelegate.swift; sourceTree = "<group>"; };
		53FD146E24DBB9EC00EC90AE /* Base */ = {isa = PBXFileReference; lastKnownFileType = file.storyboard; name = Base; path = Base.lproj/Main.storyboard; sourceTree = "<group>"; };
		53FD147024DBB9EE00EC90AE /* Assets.xcassets */ = {isa = PBXFileReference; lastKnownFileType = folder.assetcatalog; path = Assets.xcassets; sourceTree = "<group>"; };
		53FD147324DBB9EE00EC90AE /* Base */ = {isa = PBXFileReference; lastKnownFileType = file.storyboard; name = Base; path = Base.lproj/LaunchScreen.storyboard; sourceTree = "<group>"; };
		53FD147524DBB9EE00EC90AE /* Info.plist */ = {isa = PBXFileReference; lastKnownFileType = text.plist.xml; path = Info.plist; sourceTree = "<group>"; };
		53FD147B24DBC78E00EC90AE /* RecepiesViewController.swift */ = {isa = PBXFileReference; lastKnownFileType = sourcecode.swift; path = RecepiesViewController.swift; sourceTree = "<group>"; };
		53FD147D24DBC7A500EC90AE /* CategoriesViewController.swift */ = {isa = PBXFileReference; lastKnownFileType = sourcecode.swift; path = CategoriesViewController.swift; sourceTree = "<group>"; };
		53FD148024DBDEA000EC90AE /* KYEmbedMainControllerSegue.swift */ = {isa = PBXFileReference; fileEncoding = 4; lastKnownFileType = sourcecode.swift; path = KYEmbedMainControllerSegue.swift; sourceTree = "<group>"; };
		53FD148224DBDEA500EC90AE /* KYEmbedDrawerControllerSegue.swift */ = {isa = PBXFileReference; fileEncoding = 4; lastKnownFileType = sourcecode.swift; path = KYEmbedDrawerControllerSegue.swift; sourceTree = "<group>"; };
		53FD148424DBDEA900EC90AE /* KYDrawerController.swift */ = {isa = PBXFileReference; fileEncoding = 4; lastKnownFileType = sourcecode.swift; path = KYDrawerController.swift; sourceTree = "<group>"; };
		53FD148924DBE00F00EC90AE /* DrawerViewController.swift */ = {isa = PBXFileReference; lastKnownFileType = sourcecode.swift; path = DrawerViewController.swift; sourceTree = "<group>"; };
		9D26DFC5C93EBF87A84FD5CB /* Pods-MeherabadRecepies.release.xcconfig */ = {isa = PBXFileReference; includeInIndex = 1; lastKnownFileType = text.xcconfig; name = "Pods-MeherabadRecepies.release.xcconfig"; path = "Target Support Files/Pods-MeherabadRecepies/Pods-MeherabadRecepies.release.xcconfig"; sourceTree = "<group>"; };
/* End PBXFileReference section */

/* Begin PBXFrameworksBuildPhase section */
		53FD146124DBB9EC00EC90AE /* Frameworks */ = {
			isa = PBXFrameworksBuildPhase;
			buildActionMask = 2147483647;
			files = (
				1A856CFBE74CB91F5883830B /* libPods-MeherabadRecepies.a in Frameworks */,
			);
			runOnlyForDeploymentPostprocessing = 0;
		};
/* End PBXFrameworksBuildPhase section */

/* Begin PBXGroup section */
		53C4238024DDA811001B80F9 /* Menu Cell */ = {
			isa = PBXGroup;
			children = (
				53C4237C24DD99CB001B80F9 /* DrawerMenuTableViewCell.swift */,
				53C4237D24DD99CB001B80F9 /* DrawerMenuTableViewCell.xib */,
			);
			path = "Menu Cell";
			sourceTree = "<group>";
		};
		53C4238524DE6321001B80F9 /* About Screen */ = {
			isa = PBXGroup;
			children = (
				53C4238324DE5E64001B80F9 /* AboutViewController.swift */,
			);
			path = "About Screen";
			sourceTree = "<group>";
		};
		53C4238624DEF8C9001B80F9 /* Recepies */ = {
			isa = PBXGroup;
			children = (
				53FD147B24DBC78E00EC90AE /* RecepiesViewController.swift */,
			);
			path = Recepies;
			sourceTree = "<group>";
		};
		53C4238724DEF8DC001B80F9 /* Categories */ = {
			isa = PBXGroup;
			children = (
				53FD147D24DBC7A500EC90AE /* CategoriesViewController.swift */,
				53C4238824DEF926001B80F9 /* CategoryTableViewCell.swift */,
				53C4238924DEF926001B80F9 /* CategoryTableViewCell.xib */,
			);
			path = Categories;
			sourceTree = "<group>";
		};
		53C4238C24DFA911001B80F9 /* Images */ = {
			isa = PBXGroup;
			children = (
				53C4238F24DFAE4A001B80F9 /* images.jpeg */,
			);
			path = Images;
			sourceTree = "<group>";
		};
		53C4BD2224DBF5B000CCADEE /* MainTabScreen */ = {
			isa = PBXGroup;
			children = (
				53C4238624DEF8C9001B80F9 /* Recepies */,
				53C4238724DEF8DC001B80F9 /* Categories */,
			);
			path = MainTabScreen;
			sourceTree = "<group>";
		};
		53FD145B24DBB9EC00EC90AE = {
			isa = PBXGroup;
			children = (
				53FD146624DBB9EC00EC90AE /* MeherabadRecepies */,
				53C4238C24DFA911001B80F9 /* Images */,
				53FD146524DBB9EC00EC90AE /* Products */,
				6CF9F6F4DE9D38CEFF2038CC /* Pods */,
				FFCB3CD4E438F9588FBBCA0C /* Frameworks */,
			);
			sourceTree = "<group>";
		};
		53FD146524DBB9EC00EC90AE /* Products */ = {
			isa = PBXGroup;
			children = (
				53FD146424DBB9EC00EC90AE /* MeherabadRecepies.app */,
			);
			name = Products;
			sourceTree = "<group>";
		};
		53FD146624DBB9EC00EC90AE /* MeherabadRecepies */ = {
			isa = PBXGroup;
			children = (
				53FD146724DBB9EC00EC90AE /* AppDelegate.swift */,
				53FD146D24DBB9EC00EC90AE /* Main.storyboard */,
				53FD147024DBB9EE00EC90AE /* Assets.xcassets */,
				53FD147224DBB9EE00EC90AE /* LaunchScreen.storyboard */,
				53FD147524DBB9EE00EC90AE /* Info.plist */,
				53FD147F24DBDE6400EC90AE /* KYDrawerClasses */,
				53FD148824DBDFEE00EC90AE /* Drawer */,
				53C4BD2224DBF5B000CCADEE /* MainTabScreen */,
				53C4238524DE6321001B80F9 /* About Screen */,
			);
			path = MeherabadRecepies;
			sourceTree = "<group>";
		};
		53FD147F24DBDE6400EC90AE /* KYDrawerClasses */ = {
			isa = PBXGroup;
			children = (
				53FD148424DBDEA900EC90AE /* KYDrawerController.swift */,
				53FD148024DBDEA000EC90AE /* KYEmbedMainControllerSegue.swift */,
				53FD148224DBDEA500EC90AE /* KYEmbedDrawerControllerSegue.swift */,
			);
			path = KYDrawerClasses;
			sourceTree = "<group>";
		};
		53FD148824DBDFEE00EC90AE /* Drawer */ = {
			isa = PBXGroup;
			children = (
				53C4BD2324DC2D9E00CCADEE /* menu.json */,
				53FD148924DBE00F00EC90AE /* DrawerViewController.swift */,
				53C4238024DDA811001B80F9 /* Menu Cell */,
			);
			path = Drawer;
			sourceTree = "<group>";
		};
		6CF9F6F4DE9D38CEFF2038CC /* Pods */ = {
			isa = PBXGroup;
			children = (
				0F408CCFE8180E25C5E1C5A4 /* Pods-MeherabadRecepies.debug.xcconfig */,
				9D26DFC5C93EBF87A84FD5CB /* Pods-MeherabadRecepies.release.xcconfig */,
			);
			path = Pods;
			sourceTree = "<group>";
		};
		FFCB3CD4E438F9588FBBCA0C /* Frameworks */ = {
			isa = PBXGroup;
			children = (
				1BC4191440BEC6A25DC01A77 /* libPods-MeherabadRecepies.a */,
			);
			name = Frameworks;
			sourceTree = "<group>";
		};
/* End PBXGroup section */

/* Begin PBXNativeTarget section */
		53FD146324DBB9EC00EC90AE /* MeherabadRecepies */ = {
			isa = PBXNativeTarget;
			buildConfigurationList = 53FD147824DBB9EE00EC90AE /* Build configuration list for PBXNativeTarget "MeherabadRecepies" */;
			buildPhases = (
				E0CC436D0FC44FD356F07B9B /* [CP] Check Pods Manifest.lock */,
				53FD146024DBB9EC00EC90AE /* Sources */,
				53FD146124DBB9EC00EC90AE /* Frameworks */,
				53FD146224DBB9EC00EC90AE /* Resources */,
			);
			buildRules = (
			);
			dependencies = (
			);
			name = MeherabadRecepies;
			productName = MeherabadRecepies;
			productReference = 53FD146424DBB9EC00EC90AE /* MeherabadRecepies.app */;
			productType = "com.apple.product-type.application";
		};
/* End PBXNativeTarget section */

/* Begin PBXProject section */
		53FD145C24DBB9EC00EC90AE /* Project object */ = {
			isa = PBXProject;
			attributes = {
				LastSwiftUpdateCheck = 1150;
				LastUpgradeCheck = 1150;
				ORGANIZATIONNAME = "Meherabad Recepies";
				TargetAttributes = {
					53FD146324DBB9EC00EC90AE = {
						CreatedOnToolsVersion = 11.5;
					};
				};
			};
			buildConfigurationList = 53FD145F24DBB9EC00EC90AE /* Build configuration list for PBXProject "MeherabadRecepies" */;
			compatibilityVersion = "Xcode 9.3";
			developmentRegion = en;
			hasScannedForEncodings = 0;
			knownRegions = (
				en,
				Base,
			);
			mainGroup = 53FD145B24DBB9EC00EC90AE;
			productRefGroup = 53FD146524DBB9EC00EC90AE /* Products */;
			projectDirPath = "";
			projectRoot = "";
			targets = (
				53FD146324DBB9EC00EC90AE /* MeherabadRecepies */,
			);
		};
/* End PBXProject section */

/* Begin PBXResourcesBuildPhase section */
		53FD146224DBB9EC00EC90AE /* Resources */ = {
			isa = PBXResourcesBuildPhase;
			buildActionMask = 2147483647;
			files = (
				53FD147424DBB9EE00EC90AE /* LaunchScreen.storyboard in Resources */,
				53FD147124DBB9EE00EC90AE /* Assets.xcassets in Resources */,
				53C4BD2424DC2D9E00CCADEE /* menu.json in Resources */,
				53C4239024DFAE4B001B80F9 /* images.jpeg in Resources */,
				53C4238B24DEF926001B80F9 /* CategoryTableViewCell.xib in Resources */,
				53C4237F24DD99CB001B80F9 /* DrawerMenuTableViewCell.xib in Resources */,
				53FD146F24DBB9EC00EC90AE /* Main.storyboard in Resources */,
			);
			runOnlyForDeploymentPostprocessing = 0;
		};
/* End PBXResourcesBuildPhase section */

/* Begin PBXShellScriptBuildPhase section */
		E0CC436D0FC44FD356F07B9B /* [CP] Check Pods Manifest.lock */ = {
			isa = PBXShellScriptBuildPhase;
			buildActionMask = 2147483647;
			files = (
			);
			inputFileListPaths = (
			);
			inputPaths = (
				"${PODS_PODFILE_DIR_PATH}/Podfile.lock",
				"${PODS_ROOT}/Manifest.lock",
			);
			name = "[CP] Check Pods Manifest.lock";
			outputFileListPaths = (
			);
			outputPaths = (
				"$(DERIVED_FILE_DIR)/Pods-MeherabadRecepies-checkManifestLockResult.txt",
			);
			runOnlyForDeploymentPostprocessing = 0;
			shellPath = /bin/sh;
			shellScript = "diff \"${PODS_PODFILE_DIR_PATH}/Podfile.lock\" \"${PODS_ROOT}/Manifest.lock\" > /dev/null\nif [ $? != 0 ] ; then\n    # print error to STDERR\n    echo \"error: The sandbox is not in sync with the Podfile.lock. Run 'pod install' or update your CocoaPods installation.\" >&2\n    exit 1\nfi\n# This output is used by Xcode 'outputs' to avoid re-running this script phase.\necho \"SUCCESS\" > \"${SCRIPT_OUTPUT_FILE_0}\"\n";
			showEnvVarsInLog = 0;
		};
/* End PBXShellScriptBuildPhase section */

/* Begin PBXSourcesBuildPhase section */
		53FD146024DBB9EC00EC90AE /* Sources */ = {
			isa = PBXSourcesBuildPhase;
			buildActionMask = 2147483647;
			files = (
				53FD148324DBDEA500EC90AE /* KYEmbedDrawerControllerSegue.swift in Sources */,
				53FD148A24DBE00F00EC90AE /* DrawerViewController.swift in Sources */,
				53FD146824DBB9EC00EC90AE /* AppDelegate.swift in Sources */,
				53FD148124DBDEA000EC90AE /* KYEmbedMainControllerSegue.swift in Sources */,
				53FD148524DBDEA900EC90AE /* KYDrawerController.swift in Sources */,
				53C4238A24DEF926001B80F9 /* CategoryTableViewCell.swift in Sources */,
				53C4237E24DD99CB001B80F9 /* DrawerMenuTableViewCell.swift in Sources */,
				53FD147C24DBC78E00EC90AE /* RecepiesViewController.swift in Sources */,
				53C4238424DE5E64001B80F9 /* AboutViewController.swift in Sources */,
				53FD147E24DBC7A500EC90AE /* CategoriesViewController.swift in Sources */,
			);
			runOnlyForDeploymentPostprocessing = 0;
		};
/* End PBXSourcesBuildPhase section */

/* Begin PBXVariantGroup section */
		53FD146D24DBB9EC00EC90AE /* Main.storyboard */ = {
			isa = PBXVariantGroup;
			children = (
				53FD146E24DBB9EC00EC90AE /* Base */,
			);
			name = Main.storyboard;
			sourceTree = "<group>";
		};
		53FD147224DBB9EE00EC90AE /* LaunchScreen.storyboard */ = {
			isa = PBXVariantGroup;
			children = (
				53FD147324DBB9EE00EC90AE /* Base */,
			);
			name = LaunchScreen.storyboard;
			sourceTree = "<group>";
		};
/* End PBXVariantGroup section */

/* Begin XCBuildConfiguration section */
		53FD147624DBB9EE00EC90AE /* Debug */ = {
			isa = XCBuildConfiguration;
			buildSettings = {
				ALWAYS_SEARCH_USER_PATHS = NO;
				CLANG_ANALYZER_NONNULL = YES;
				CLANG_ANALYZER_NUMBER_OBJECT_CONVERSION = YES_AGGRESSIVE;
				CLANG_CXX_LANGUAGE_STANDARD = "gnu++14";
				CLANG_CXX_LIBRARY = "libc++";
				CLANG_ENABLE_MODULES = YES;
				CLANG_ENABLE_OBJC_ARC = YES;
				CLANG_ENABLE_OBJC_WEAK = YES;
				CLANG_WARN_BLOCK_CAPTURE_AUTORELEASING = YES;
				CLANG_WARN_BOOL_CONVERSION = YES;
				CLANG_WARN_COMMA = YES;
				CLANG_WARN_CONSTANT_CONVERSION = YES;
				CLANG_WARN_DEPRECATED_OBJC_IMPLEMENTATIONS = YES;
				CLANG_WARN_DIRECT_OBJC_ISA_USAGE = YES_ERROR;
				CLANG_WARN_DOCUMENTATION_COMMENTS = YES;
				CLANG_WARN_EMPTY_BODY = YES;
				CLANG_WARN_ENUM_CONVERSION = YES;
				CLANG_WARN_INFINITE_RECURSION = YES;
				CLANG_WARN_INT_CONVERSION = YES;
				CLANG_WARN_NON_LITERAL_NULL_CONVERSION = YES;
				CLANG_WARN_OBJC_IMPLICIT_RETAIN_SELF = YES;
				CLANG_WARN_OBJC_LITERAL_CONVERSION = YES;
				CLANG_WARN_OBJC_ROOT_CLASS = YES_ERROR;
				CLANG_WARN_RANGE_LOOP_ANALYSIS = YES;
				CLANG_WARN_STRICT_PROTOTYPES = YES;
				CLANG_WARN_SUSPICIOUS_MOVE = YES;
				CLANG_WARN_UNGUARDED_AVAILABILITY = YES_AGGRESSIVE;
				CLANG_WARN_UNREACHABLE_CODE = YES;
				CLANG_WARN__DUPLICATE_METHOD_MATCH = YES;
				COPY_PHASE_STRIP = NO;
				DEBUG_INFORMATION_FORMAT = dwarf;
				ENABLE_STRICT_OBJC_MSGSEND = YES;
				ENABLE_TESTABILITY = YES;
				GCC_C_LANGUAGE_STANDARD = gnu11;
				GCC_DYNAMIC_NO_PIC = NO;
				GCC_NO_COMMON_BLOCKS = YES;
				GCC_OPTIMIZATION_LEVEL = 0;
				GCC_PREPROCESSOR_DEFINITIONS = (
					"DEBUG=1",
					"$(inherited)",
				);
				GCC_WARN_64_TO_32_BIT_CONVERSION = YES;
				GCC_WARN_ABOUT_RETURN_TYPE = YES_ERROR;
				GCC_WARN_UNDECLARED_SELECTOR = YES;
				GCC_WARN_UNINITIALIZED_AUTOS = YES_AGGRESSIVE;
				GCC_WARN_UNUSED_FUNCTION = YES;
				GCC_WARN_UNUSED_VARIABLE = YES;
				IPHONEOS_DEPLOYMENT_TARGET = 13.5;
				MTL_ENABLE_DEBUG_INFO = INCLUDE_SOURCE;
				MTL_FAST_MATH = YES;
				ONLY_ACTIVE_ARCH = YES;
				SDKROOT = iphoneos;
				SWIFT_ACTIVE_COMPILATION_CONDITIONS = DEBUG;
				SWIFT_OPTIMIZATION_LEVEL = "-Onone";
			};
			name = Debug;
		};
		53FD147724DBB9EE00EC90AE /* Release */ = {
			isa = XCBuildConfiguration;
			buildSettings = {
				ALWAYS_SEARCH_USER_PATHS = NO;
				CLANG_ANALYZER_NONNULL = YES;
				CLANG_ANALYZER_NUMBER_OBJECT_CONVERSION = YES_AGGRESSIVE;
				CLANG_CXX_LANGUAGE_STANDARD = "gnu++14";
				CLANG_CXX_LIBRARY = "libc++";
				CLANG_ENABLE_MODULES = YES;
				CLANG_ENABLE_OBJC_ARC = YES;
				CLANG_ENABLE_OBJC_WEAK = YES;
				CLANG_WARN_BLOCK_CAPTURE_AUTORELEASING = YES;
				CLANG_WARN_BOOL_CONVERSION = YES;
				CLANG_WARN_COMMA = YES;
				CLANG_WARN_CONSTANT_CONVERSION = YES;
				CLANG_WARN_DEPRECATED_OBJC_IMPLEMENTATIONS = YES;
				CLANG_WARN_DIRECT_OBJC_ISA_USAGE = YES_ERROR;
				CLANG_WARN_DOCUMENTATION_COMMENTS = YES;
				CLANG_WARN_EMPTY_BODY = YES;
				CLANG_WARN_ENUM_CONVERSION = YES;
				CLANG_WARN_INFINITE_RECURSION = YES;
				CLANG_WARN_INT_CONVERSION = YES;
				CLANG_WARN_NON_LITERAL_NULL_CONVERSION = YES;
				CLANG_WARN_OBJC_IMPLICIT_RETAIN_SELF = YES;
				CLANG_WARN_OBJC_LITERAL_CONVERSION = YES;
				CLANG_WARN_OBJC_ROOT_CLASS = YES_ERROR;
				CLANG_WARN_RANGE_LOOP_ANALYSIS = YES;
				CLANG_WARN_STRICT_PROTOTYPES = YES;
				CLANG_WARN_SUSPICIOUS_MOVE = YES;
				CLANG_WARN_UNGUARDED_AVAILABILITY = YES_AGGRESSIVE;
				CLANG_WARN_UNREACHABLE_CODE = YES;
				CLANG_WARN__DUPLICATE_METHOD_MATCH = YES;
				COPY_PHASE_STRIP = NO;
				DEBUG_INFORMATION_FORMAT = "dwarf-with-dsym";
				ENABLE_NS_ASSERTIONS = NO;
				ENABLE_STRICT_OBJC_MSGSEND = YES;
				GCC_C_LANGUAGE_STANDARD = gnu11;
				GCC_NO_COMMON_BLOCKS = YES;
				GCC_WARN_64_TO_32_BIT_CONVERSION = YES;
				GCC_WARN_ABOUT_RETURN_TYPE = YES_ERROR;
				GCC_WARN_UNDECLARED_SELECTOR = YES;
				GCC_WARN_UNINITIALIZED_AUTOS = YES_AGGRESSIVE;
				GCC_WARN_UNUSED_FUNCTION = YES;
				GCC_WARN_UNUSED_VARIABLE = YES;
				IPHONEOS_DEPLOYMENT_TARGET = 13.5;
				MTL_ENABLE_DEBUG_INFO = NO;
				MTL_FAST_MATH = YES;
				SDKROOT = iphoneos;
				SWIFT_COMPILATION_MODE = wholemodule;
				SWIFT_OPTIMIZATION_LEVEL = "-O";
				VALIDATE_PRODUCT = YES;
			};
			name = Release;
		};
		53FD147924DBB9EE00EC90AE /* Debug */ = {
			isa = XCBuildConfiguration;
			baseConfigurationReference = 0F408CCFE8180E25C5E1C5A4 /* Pods-MeherabadRecepies.debug.xcconfig */;
			buildSettings = {
				ASSETCATALOG_COMPILER_APPICON_NAME = AppIcon;
				CODE_SIGN_STYLE = Automatic;
				INFOPLIST_FILE = MeherabadRecepies/Info.plist;
				IPHONEOS_DEPLOYMENT_TARGET = 10.0;
				LD_RUNPATH_SEARCH_PATHS = (
					"$(inherited)",
					"@executable_path/Frameworks",
				);
				PRODUCT_BUNDLE_IDENTIFIER = com.proj.MeherabadRecepies;
				PRODUCT_NAME = "$(TARGET_NAME)";
				SWIFT_VERSION = 5.0;
				TARGETED_DEVICE_FAMILY = "1,2";
			};
			name = Debug;
		};
		53FD147A24DBB9EE00EC90AE /* Release */ = {
			isa = XCBuildConfiguration;
			baseConfigurationReference = 9D26DFC5C93EBF87A84FD5CB /* Pods-MeherabadRecepies.release.xcconfig */;
			buildSettings = {
				ASSETCATALOG_COMPILER_APPICON_NAME = AppIcon;
				CODE_SIGN_STYLE = Automatic;
				INFOPLIST_FILE = MeherabadRecepies/Info.plist;
				IPHONEOS_DEPLOYMENT_TARGET = 10.0;
				LD_RUNPATH_SEARCH_PATHS = (
					"$(inherited)",
					"@executable_path/Frameworks",
				);
				PRODUCT_BUNDLE_IDENTIFIER = com.proj.MeherabadRecepies;
				PRODUCT_NAME = "$(TARGET_NAME)";
				SWIFT_VERSION = 5.0;
				TARGETED_DEVICE_FAMILY = "1,2";
			};
			name = Release;
		};
/* End XCBuildConfiguration section */

/* Begin XCConfigurationList section */
		53FD145F24DBB9EC00EC90AE /* Build configuration list for PBXProject "MeherabadRecepies" */ = {
			isa = XCConfigurationList;
			buildConfigurations = (
				53FD147624DBB9EE00EC90AE /* Debug */,
				53FD147724DBB9EE00EC90AE /* Release */,
			);
			defaultConfigurationIsVisible = 0;
			defaultConfigurationName = Release;
		};
		53FD147824DBB9EE00EC90AE /* Build configuration list for PBXNativeTarget "MeherabadRecepies" */ = {
			isa = XCConfigurationList;
			buildConfigurations = (
				53FD147924DBB9EE00EC90AE /* Debug */,
				53FD147A24DBB9EE00EC90AE /* Release */,
			);
			defaultConfigurationIsVisible = 0;
			defaultConfigurationName = Release;
		};
/* End XCConfigurationList section */
	};
	rootObject = 53FD145C24DBB9EC00EC90AE /* Project object */;
}
